
Microsoft Visual Studio Solution File, Format Version 12.00
# Visual Studio Version 17
VisualStudioVersion = 17.7.34202.233
MinimumVisualStudioVersion = 10.0.40219.1
Project("{8BC9CEB8-8B4A-11D0-8D11-00A0C91BC942}") = "SWY_2023_12_4", "SWY_2023_12_4\SWY_2023_12_4.vcxproj", "{9435B21C-E1CC-4D79-A782-DA7041361826}"
EndProject
Global
	GlobalSection(SolutionConfigurationPlatforms) = preSolution
		Debug|x64 = Debug|x64
		Debug|x86 = Debug|x86
		Release|x64 = Release|x64
		Release|x86 = Release|x86
	EndGlobalSection
	GlobalSection(ProjectConfigurationPlatforms) = postSolution
		{9435B21C-E1CC-4D79-A782-DA7041361826}.Debug|x64.ActiveCfg = Debug|x64
		{9435B21C-E1CC-4D79-A782-DA7041361826}.Debug|x64.Build.0 = Debug|x64
		{9435B21C-E1CC-4D79-A782-DA7041361826}.Debug|x86.ActiveCfg = Debug|Win32
		{9435B21C-E1CC-4D79-A782-DA7041361826}.Debug|x86.Build.0 = Debug|Win32
		{9435B21C-E1CC-4D79-A782-DA7041361826}.Release|x64.ActiveCfg = Release|x64
		{9435B21C-E1CC-4D79-A782-DA7041361826}.Release|x64.Build.0 = Release|x64
		{9435B21C-E1CC-4D79-A782-DA7041361826}.Release|x86.ActiveCfg = Release|Win32
		{9435B21C-E1CC-4D79-A782-DA7041361826}.Release|x86.Build.0 = Release|Win32
	EndGlobalSection
	GlobalSection(SolutionProperties) = preSolution
		HideSolutionNode = FALSE
	EndGlobalSection
	GlobalSection(ExtensibilityGlobals) = postSolution
		SolutionGuid = {E5A253FE-4756-461E-9369-C9EAD2EEE117}
	EndGlobalSection
EndGlobal
